
Microsoft Visual Studio Solution File, Format Version 11.00
# Visual Studio 2010
Project("{FAE04EC0-301F-11D3-BF4B-00C04F79EFBC}") = "PhotonUnityNetworking.Utilities", "PhotonUnityNetworking.Utilities.csproj", "{db28f7e5-e005-3f3d-23ca-b5720591ee85}"
EndProject
Project("{FAE04EC0-301F-11D3-BF4B-00C04F79EFBC}") = "PhotonUnityNetworking", "PhotonUnityNetworking.csproj", "{34b5a2e6-dd69-3be6-e2f2-dd898d0cff2d}"
EndProject
Project("{FAE04EC0-301F-11D3-BF4B-00C04F79EFBC}") = "PhotonChat", "PhotonChat.csproj", "{dd423ef9-0142-6767-43c0-c3b19a5b02f9}"
EndProject
Project("{FAE04EC0-301F-11D3-BF4B-00C04F79EFBC}") = "PhotonWebSocket", "PhotonWebSocket.csproj", "{35cb56c8-1553-8b31-0f25-2fc956642470}"
EndProject
Project("{FAE04EC0-301F-11D3-BF4B-00C04F79EFBC}") = "PhotonRealtime", "PhotonRealtime.csproj", "{a943c298-2382-1989-ba19-93b67df737ce}"
EndProject
Project("{FAE04EC0-301F-11D3-BF4B-00C04F79EFBC}") = "Assembly-CSharp", "Assembly-CSharp.csproj", "{25979a20-87d1-f44d-f942-2901090902d1}"
EndProject
Project("{FAE04EC0-301F-11D3-BF4B-00C04F79EFBC}") = "PhotonUnityNetworking.Editor", "PhotonUnityNetworking.Editor.csproj", "{f9143c46-6d8e-de39-3cb2-395b7c3a11cf}"
EndProject
Project("{FAE04EC0-301F-11D3-BF4B-00C04F79EFBC}") = "PhotonUnityNetworking.Utilities.PhotonPlayer.Editor", "PhotonUnityNetworking.Utilities.PhotonPlayer.Editor.csproj", "{77b6fa89-5d97-de68-f505-8e8bfacbb4c5}"
EndProject
Project("{FAE04EC0-301F-11D3-BF4B-00C04F79EFBC}") = "PhotonUnityNetworking.Utilities.Culling.Editor", "PhotonUnityNetworking.Utilities.Culling.Editor.csproj", "{da58295c-6f42-24e4-cd79-85451543f587}"
EndProject
Global
	GlobalSection(SolutionConfigurationPlatforms) = preSolution
		Debug|Any CPU = Debug|Any CPU
	EndGlobalSection
	GlobalSection(ProjectConfigurationPlatforms) = postSolution
		{db28f7e5-e005-3f3d-23ca-b5720591ee85}.Debug|Any CPU.ActiveCfg = Debug|Any CPU
		{db28f7e5-e005-3f3d-23ca-b5720591ee85}.Debug|Any CPU.Build.0 = Debug|Any CPU
		{34b5a2e6-dd69-3be6-e2f2-dd898d0cff2d}.Debug|Any CPU.ActiveCfg = Debug|Any CPU
		{34b5a2e6-dd69-3be6-e2f2-dd898d0cff2d}.Debug|Any CPU.Build.0 = Debug|Any CPU
		{dd423ef9-0142-6767-43c0-c3b19a5b02f9}.Debug|Any CPU.ActiveCfg = Debug|Any CPU
		{dd423ef9-0142-6767-43c0-c3b19a5b02f9}.Debug|Any CPU.Build.0 = Debug|Any CPU
		{35cb56c8-1553-8b31-0f25-2fc956642470}.Debug|Any CPU.ActiveCfg = Debug|Any CPU
		{35cb56c8-1553-8b31-0f25-2fc956642470}.Debug|Any CPU.Build.0 = Debug|Any CPU
		{a943c298-2382-1989-ba19-93b67df737ce}.Debug|Any CPU.ActiveCfg = Debug|Any CPU
		{a943c298-2382-1989-ba19-93b67df737ce}.Debug|Any CPU.Build.0 = Debug|Any CPU
		{25979a20-87d1-f44d-f942-2901090902d1}.Debug|Any CPU.ActiveCfg = Debug|Any CPU
		{25979a20-87d1-f44d-f942-2901090902d1}.Debug|Any CPU.Build.0 = Debug|Any CPU
		{f9143c46-6d8e-de39-3cb2-395b7c3a11cf}.Debug|Any CPU.ActiveCfg = Debug|Any CPU
		{f9143c46-6d8e-de39-3cb2-395b7c3a11cf}.Debug|Any CPU.Build.0 = Debug|Any CPU
		{77b6fa89-5d97-de68-f505-8e8bfacbb4c5}.Debug|Any CPU.ActiveCfg = Debug|Any CPU
		{77b6fa89-5d97-de68-f505-8e8bfacbb4c5}.Debug|Any CPU.Build.0 = Debug|Any CPU
		{da58295c-6f42-24e4-cd79-85451543f587}.Debug|Any CPU.ActiveCfg = Debug|Any CPU
		{da58295c-6f42-24e4-cd79-85451543f587}.Debug|Any CPU.Build.0 = Debug|Any CPU
	EndGlobalSection
	GlobalSection(SolutionProperties) = preSolution
		HideSolutionNode = FALSE
	EndGlobalSection
EndGlobal
